
Microsoft Visual Studio Solution File, Format Version 12.00
# Visual Studio Version 17
VisualStudioVersion = 17.0.31903.59
MinimumVisualStudioVersion = 10.0.40219.1
Project("{2150E333-8FDC-42A3-9474-1A3956D46DE8}") = "src", "src", "{827E0CD3-B72D-47B6-A68D-7590B98EB39B}"
EndProject
Project("{FAE04EC0-301F-11D3-BF4B-00C04F79EFBC}") = "WebScrape.Server", "src\WebScrape.Server\WebScrape.Server.csproj", "{BF995F83-7E52-4602-A6E4-74A3193E9D5C}"
EndProject
Project("{FAE04EC0-301F-11D3-BF4B-00C04F79EFBC}") = "WebScrape.Services", "src\WebScrape.Services\WebScrape.Services.csproj", "{C3BA6A64-8469-4314-A179-DD2ECA9AF3D6}"
EndProject
Project("{FAE04EC0-301F-11D3-BF4B-00C04F79EFBC}") = "WebScrape.Data", "src\WebScrape.Data\WebScrape.Data.csproj", "{A3C3198D-D8C4-4BD9-BBC4-D1B653982557}"
EndProject
Project("{FAE04EC0-301F-11D3-BF4B-00C04F79EFBC}") = "WebScrape.Tests", "tests\WebScrape.Tests\WebScrape.Tests.csproj", "{AA196F8A-C04C-45F2-BD5C-B635C8045E79}"
EndProject
Global
	GlobalSection(SolutionConfigurationPlatforms) = preSolution
		Debug|Any CPU = Debug|Any CPU
		Debug|x64 = Debug|x64
		Debug|x86 = Debug|x86
		Release|Any CPU = Release|Any CPU
		Release|x64 = Release|x64
		Release|x86 = Release|x86
	EndGlobalSection
	GlobalSection(ProjectConfigurationPlatforms) = postSolution
		{BF995F83-7E52-4602-A6E4-74A3193E9D5C}.Debug|Any CPU.ActiveCfg = Debug|Any CPU
		{BF995F83-7E52-4602-A6E4-74A3193E9D5C}.Debug|Any CPU.Build.0 = Debug|Any CPU
		{BF995F83-7E52-4602-A6E4-74A3193E9D5C}.Debug|x64.ActiveCfg = Debug|Any CPU
		{BF995F83-7E52-4602-A6E4-74A3193E9D5C}.Debug|x64.Build.0 = Debug|Any CPU
		{BF995F83-7E52-4602-A6E4-74A3193E9D5C}.Debug|x86.ActiveCfg = Debug|Any CPU
		{BF995F83-7E52-4602-A6E4-74A3193E9D5C}.Debug|x86.Build.0 = Debug|Any CPU
		{BF995F83-7E52-4602-A6E4-74A3193E9D5C}.Release|Any CPU.ActiveCfg = Release|Any CPU
		{BF995F83-7E52-4602-A6E4-74A3193E9D5C}.Release|Any CPU.Build.0 = Release|Any CPU
		{BF995F83-7E52-4602-A6E4-74A3193E9D5C}.Release|x64.ActiveCfg = Release|Any CPU
		{BF995F83-7E52-4602-A6E4-74A3193E9D5C}.Release|x64.Build.0 = Release|Any CPU
		{BF995F83-7E52-4602-A6E4-74A3193E9D5C}.Release|x86.ActiveCfg = Release|Any CPU
		{BF995F83-7E52-4602-A6E4-74A3193E9D5C}.Release|x86.Build.0 = Release|Any CPU
		{C3BA6A64-8469-4314-A179-DD2ECA9AF3D6}.Debug|Any CPU.ActiveCfg = Debug|Any CPU
		{C3BA6A64-8469-4314-A179-DD2ECA9AF3D6}.Debug|Any CPU.Build.0 = Debug|Any CPU
		{C3BA6A64-8469-4314-A179-DD2ECA9AF3D6}.Debug|x64.ActiveCfg = Debug|Any CPU
		{C3BA6A64-8469-4314-A179-DD2ECA9AF3D6}.Debug|x64.Build.0 = Debug|Any CPU
		{C3BA6A64-8469-4314-A179-DD2ECA9AF3D6}.Debug|x86.ActiveCfg = Debug|Any CPU
		{C3BA6A64-8469-4314-A179-DD2ECA9AF3D6}.Debug|x86.Build.0 = Debug|Any CPU
		{C3BA6A64-8469-4314-A179-DD2ECA9AF3D6}.Release|Any CPU.ActiveCfg = Release|Any CPU
		{C3BA6A64-8469-4314-A179-DD2ECA9AF3D6}.Release|Any CPU.Build.0 = Release|Any CPU
		{C3BA6A64-8469-4314-A179-DD2ECA9AF3D6}.Release|x64.ActiveCfg = Release|Any CPU
		{C3BA6A64-8469-4314-A179-DD2ECA9AF3D6}.Release|x64.Build.0 = Release|Any CPU
		{C3BA6A64-8469-4314-A179-DD2ECA9AF3D6}.Release|x86.ActiveCfg = Release|Any CPU
		{C3BA6A64-8469-4314-A179-DD2ECA9AF3D6}.Release|x86.Build.0 = Release|Any CPU
		{A3C3198D-D8C4-4BD9-BBC4-D1B653982557}.Debug|Any CPU.ActiveCfg = Debug|Any CPU
		{A3C3198D-D8C4-4BD9-BBC4-D1B653982557}.Debug|Any CPU.Build.0 = Debug|Any CPU
		{A3C3198D-D8C4-4BD9-BBC4-D1B653982557}.Debug|x64.ActiveCfg = Debug|Any CPU
		{A3C3198D-D8C4-4BD9-BBC4-D1B653982557}.Debug|x64.Build.0 = Debug|Any CPU
		{A3C3198D-D8C4-4BD9-BBC4-D1B653982557}.Debug|x86.ActiveCfg = Debug|Any CPU
		{A3C3198D-D8C4-4BD9-BBC4-D1B653982557}.Debug|x86.Build.0 = Debug|Any CPU
		{A3C3198D-D8C4-4BD9-BBC4-D1B653982557}.Release|Any CPU.ActiveCfg = Release|Any CPU
		{A3C3198D-D8C4-4BD9-BBC4-D1B653982557}.Release|Any CPU.Build.0 = Release|Any CPU
		{A3C3198D-D8C4-4BD9-BBC4-D1B653982557}.Release|x64.ActiveCfg = Release|Any CPU
		{A3C3198D-D8C4-4BD9-BBC4-D1B653982557}.Release|x64.Build.0 = Release|Any CPU
		{A3C3198D-D8C4-4BD9-BBC4-D1B653982557}.Release|x86.ActiveCfg = Release|Any CPU
		{A3C3198D-D8C4-4BD9-BBC4-D1B653982557}.Release|x86.Build.0 = Release|Any CPU
		{AA196F8A-C04C-45F2-BD5C-B635C8045E79}.Debug|Any CPU.ActiveCfg = Debug|Any CPU
		{AA196F8A-C04C-45F2-BD5C-B635C8045E79}.Debug|Any CPU.Build.0 = Debug|Any CPU
		{AA196F8A-C04C-45F2-BD5C-B635C8045E79}.Debug|x64.ActiveCfg = Debug|Any CPU
		{AA196F8A-C04C-45F2-BD5C-B635C8045E79}.Debug|x64.Build.0 = Debug|Any CPU
		{AA196F8A-C04C-45F2-BD5C-B635C8045E79}.Debug|x86.ActiveCfg = Debug|Any CPU
		{AA196F8A-C04C-45F2-BD5C-B635C8045E79}.Debug|x86.Build.0 = Debug|Any CPU
		{AA196F8A-C04C-45F2-BD5C-B635C8045E79}.Release|Any CPU.ActiveCfg = Release|Any CPU
		{AA196F8A-C04C-45F2-BD5C-B635C8045E79}.Release|Any CPU.Build.0 = Release|Any CPU
		{AA196F8A-C04C-45F2-BD5C-B635C8045E79}.Release|x64.ActiveCfg = Release|Any CPU
		{AA196F8A-C04C-45F2-BD5C-B635C8045E79}.Release|x64.Build.0 = Release|Any CPU
		{AA196F8A-C04C-45F2-BD5C-B635C8045E79}.Release|x86.ActiveCfg = Release|Any CPU
		{AA196F8A-C04C-45F2-BD5C-B635C8045E79}.Release|x86.Build.0 = Release|Any CPU
	EndGlobalSection
	GlobalSection(SolutionProperties) = preSolution
		HideSolutionNode = FALSE
	EndGlobalSection
	GlobalSection(NestedProjects) = preSolution
		{BF995F83-7E52-4602-A6E4-74A3193E9D5C} = {827E0CD3-B72D-47B6-A68D-7590B98EB39B}
		{C3BA6A64-8469-4314-A179-DD2ECA9AF3D6} = {827E0CD3-B72D-47B6-A68D-7590B98EB39B}
		{A3C3198D-D8C4-4BD9-BBC4-D1B653982557} = {827E0CD3-B72D-47B6-A68D-7590B98EB39B}
		{AA196F8A-C04C-45F2-BD5C-B635C8045E79} = {827E0CD3-B72D-47B6-A68D-7590B98EB39B}
	EndGlobalSection
EndGlobal
